{
  "name": "zhuomuniao_vue",
  "version": "1.0.0",
  "lockfileVersion": 1,
  "dependencies": {
    "dom7": {
      "version": "2.0.1",
      "resolved": "http://registry.npm.taobao.org/dom7/download/dom7-2.0.1.tgz",
      "integrity": "sha1-qKLIAs8XwgsFHZQUFDBhRyIBojM="
    },
    "object-assign": {
      "version": "4.1.1",
      "resolved": "http://registry.npm.taobao.org/object-assign/download/object-assign-4.1.1.tgz",
      "integrity": "sha1-IQmtx5ZYh8/AXLvUQsrIv7s2CGM="
    },
    "swiper": {
      "version": "4.0.7",
      "resolved": "http://registry.npm.taobao.org/swiper/download/swiper-4.0.7.tgz",
      "integrity": "sha1-iRdcKiPYZiLtqDRHQMJKNwGmsnA="
    },
    "vue-awesome-swiper": {
      "version": "3.0.6",
      "resolved": "http://registry.npm.taobao.org/vue-awesome-swiper/download/vue-awesome-swiper-3.0.6.tgz",
      "integrity": "sha1-VGqpondUceHfpsqf1+lYqqme4eo="
    }
  }
}
